// !$*UTF8*$!
{
	archiveVersion = 1;
	classes = {
	};
	objectVersion = 50;
	objects = {

/* Begin PBXBuildFile section */
		0470AE5D24B5811B00D90937 /* AppDelegate.swift in Sources */ = {isa = PBXBuildFile; fileRef = 0470AE5C24B5811B00D90937 /* AppDelegate.swift */; };
		0470AE5F24B5811B00D90937 /* SceneDelegate.swift in Sources */ = {isa = PBXBuildFile; fileRef = 0470AE5E24B5811B00D90937 /* SceneDelegate.swift */; };
		0470AE6424B5811B00D90937 /* Main.storyboard in Resources */ = {isa = PBXBuildFile; fileRef = 0470AE6224B5811B00D90937 /* Main.storyboard */; };
		0470AE6624B5811E00D90937 /* Assets.xcassets in Resources */ = {isa = PBXBuildFile; fileRef = 0470AE6524B5811E00D90937 /* Assets.xcassets */; };
		0470AE6924B5811E00D90937 /* LaunchScreen.storyboard in Resources */ = {isa = PBXBuildFile; fileRef = 0470AE6724B5811E00D90937 /* LaunchScreen.storyboard */; };
		04CE626C24B6DA0900A9C1FE /* CharacterCollectionViewController.swift in Sources */ = {isa = PBXBuildFile; fileRef = 04CE626B24B6DA0900A9C1FE /* CharacterCollectionViewController.swift */; };
		04CE626E24B78F6000A9C1FE /* FilterTableViewController.swift in Sources */ = {isa = PBXBuildFile; fileRef = 04CE626D24B78F6000A9C1FE /* FilterTableViewController.swift */; };
		04CE627024B8049500A9C1FE /* CharacterCell.swift in Sources */ = {isa = PBXBuildFile; fileRef = 04CE626F24B8049500A9C1FE /* CharacterCell.swift */; };
		95DBA5AF24B583BB004FD808 /* RickAndMortyController.swift in Sources */ = {isa = PBXBuildFile; fileRef = 95DBA5AE24B583BB004FD808 /* RickAndMortyController.swift */; };
		95DBA5B224B5895E004FD808 /* Character.swift in Sources */ = {isa = PBXBuildFile; fileRef = 95DBA5B124B5895E004FD808 /* Character.swift */; };
		95DBA5B524B59E81004FD808 /* Constants.swift in Sources */ = {isa = PBXBuildFile; fileRef = 95DBA5B424B59E81004FD808 /* Constants.swift */; };
/* End PBXBuildFile section */

/* Begin PBXFileReference section */
		0470AE5924B5811B00D90937 /* RickMortyNetworking.app */ = {isa = PBXFileReference; explicitFileType = wrapper.application; includeInIndex = 0; path = RickMortyNetworking.app; sourceTree = BUILT_PRODUCTS_DIR; };
		0470AE5C24B5811B00D90937 /* AppDelegate.swift */ = {isa = PBXFileReference; lastKnownFileType = sourcecode.swift; path = AppDelegate.swift; sourceTree = "<group>"; };
		0470AE5E24B5811B00D90937 /* SceneDelegate.swift */ = {isa = PBXFileReference; lastKnownFileType = sourcecode.swift; path = SceneDelegate.swift; sourceTree = "<group>"; };
		0470AE6324B5811B00D90937 /* Base */ = {isa = PBXFileReference; lastKnownFileType = file.storyboard; name = Base; path = Base.lproj/Main.storyboard; sourceTree = "<group>"; };
		0470AE6524B5811E00D90937 /* Assets.xcassets */ = {isa = PBXFileReference; lastKnownFileType = folder.assetcatalog; path = Assets.xcassets; sourceTree = "<group>"; };
		0470AE6824B5811E00D90937 /* Base */ = {isa = PBXFileReference; lastKnownFileType = file.storyboard; name = Base; path = Base.lproj/LaunchScreen.storyboard; sourceTree = "<group>"; };
		0470AE6A24B5811E00D90937 /* Info.plist */ = {isa = PBXFileReference; lastKnownFileType = text.plist.xml; path = Info.plist; sourceTree = "<group>"; };
		04CE626B24B6DA0900A9C1FE /* CharacterCollectionViewController.swift */ = {isa = PBXFileReference; lastKnownFileType = sourcecode.swift; path = CharacterCollectionViewController.swift; sourceTree = "<group>"; };
		04CE626D24B78F6000A9C1FE /* FilterTableViewController.swift */ = {isa = PBXFileReference; lastKnownFileType = sourcecode.swift; path = FilterTableViewController.swift; sourceTree = "<group>"; };
		04CE626F24B8049500A9C1FE /* CharacterCell.swift */ = {isa = PBXFileReference; lastKnownFileType = sourcecode.swift; path = CharacterCell.swift; sourceTree = "<group>"; };
		95DBA5AE24B583BB004FD808 /* RickAndMortyController.swift */ = {isa = PBXFileReference; lastKnownFileType = sourcecode.swift; path = RickAndMortyController.swift; sourceTree = "<group>"; };
		95DBA5B124B5895E004FD808 /* Character.swift */ = {isa = PBXFileReference; lastKnownFileType = sourcecode.swift; path = Character.swift; sourceTree = "<group>"; };
		95DBA5B424B59E81004FD808 /* Constants.swift */ = {isa = PBXFileReference; lastKnownFileType = sourcecode.swift; path = Constants.swift; sourceTree = "<group>"; };
/* End PBXFileReference section */

/* Begin PBXFrameworksBuildPhase section */
		0470AE5624B5811B00D90937 /* Frameworks */ = {
			isa = PBXFrameworksBuildPhase;
			buildActionMask = 2147483647;
			files = (
			);
			runOnlyForDeploymentPostprocessing = 0;
		};
/* End PBXFrameworksBuildPhase section */

/* Begin PBXGroup section */
		0470AE5024B5811B00D90937 = {
			isa = PBXGroup;
			children = (
				0470AE5B24B5811B00D90937 /* RickMortyNetworking */,
				0470AE5A24B5811B00D90937 /* Products */,
			);
			sourceTree = "<group>";
		};
		0470AE5A24B5811B00D90937 /* Products */ = {
			isa = PBXGroup;
			children = (
				0470AE5924B5811B00D90937 /* RickMortyNetworking.app */,
			);
			name = Products;
			sourceTree = "<group>";
		};
		0470AE5B24B5811B00D90937 /* RickMortyNetworking */ = {
			isa = PBXGroup;
			children = (
				95DBA5B324B59E6D004FD808 /* Helpers */,
				95DBA5B024B58927004FD808 /* Models */,
				95DBA5AD24B58329004FD808 /* APIController */,
				0470AE6224B5811B00D90937 /* Main.storyboard */,
				04CE626F24B8049500A9C1FE /* CharacterCell.swift */,
				04CE626B24B6DA0900A9C1FE /* CharacterCollectionViewController.swift */,
				04CE626D24B78F6000A9C1FE /* FilterTableViewController.swift */,
				0470AE7024B5813F00D90937 /* Resources */,
			);
			path = RickMortyNetworking;
			sourceTree = "<group>";
		};
		0470AE7024B5813F00D90937 /* Resources */ = {
			isa = PBXGroup;
			children = (
				0470AE5C24B5811B00D90937 /* AppDelegate.swift */,
				0470AE5E24B5811B00D90937 /* SceneDelegate.swift */,
				0470AE6524B5811E00D90937 /* Assets.xcassets */,
				0470AE6724B5811E00D90937 /* LaunchScreen.storyboard */,
				0470AE6A24B5811E00D90937 /* Info.plist */,
			);
			path = Resources;
			sourceTree = "<group>";
		};
		95DBA5AD24B58329004FD808 /* APIController */ = {
			isa = PBXGroup;
			children = (
				95DBA5AE24B583BB004FD808 /* RickAndMortyController.swift */,
			);
			path = APIController;
			sourceTree = "<group>";
		};
		95DBA5B024B58927004FD808 /* Models */ = {
			isa = PBXGroup;
			children = (
				95DBA5B124B5895E004FD808 /* Character.swift */,
			);
			path = Models;
			sourceTree = "<group>";
		};
		95DBA5B324B59E6D004FD808 /* Helpers */ = {
			isa = PBXGroup;
			children = (
				95DBA5B424B59E81004FD808 /* Constants.swift */,
			);
			path = Helpers;
			sourceTree = "<group>";
		};
/* End PBXGroup section */

/* Begin PBXNativeTarget section */
		0470AE5824B5811B00D90937 /* RickMortyNetworking */ = {
			isa = PBXNativeTarget;
			buildConfigurationList = 0470AE6D24B5811E00D90937 /* Build configuration list for PBXNativeTarget "RickMortyNetworking" */;
			buildPhases = (
				0470AE5524B5811B00D90937 /* Sources */,
				0470AE5624B5811B00D90937 /* Frameworks */,
				0470AE5724B5811B00D90937 /* Resources */,
			);
			buildRules = (
			);
			dependencies = (
			);
			name = RickMortyNetworking;
			productName = RickMortyNetworking;
			productReference = 0470AE5924B5811B00D90937 /* RickMortyNetworking.app */;
			productType = "com.apple.product-type.application";
		};
/* End PBXNativeTarget section */

/* Begin PBXProject section */
		0470AE5124B5811B00D90937 /* Project object */ = {
			isa = PBXProject;
			attributes = {
				LastSwiftUpdateCheck = 1140;
				LastUpgradeCheck = 1140;
				ORGANIZATIONNAME = "Swift Student";
				TargetAttributes = {
					0470AE5824B5811B00D90937 = {
						CreatedOnToolsVersion = 11.4.1;
					};
				};
			};
			buildConfigurationList = 0470AE5424B5811B00D90937 /* Build configuration list for PBXProject "RickMortyNetworking" */;
			compatibilityVersion = "Xcode 9.3";
			developmentRegion = en;
			hasScannedForEncodings = 0;
			knownRegions = (
				en,
				Base,
			);
			mainGroup = 0470AE5024B5811B00D90937;
			productRefGroup = 0470AE5A24B5811B00D90937 /* Products */;
			projectDirPath = "";
			projectRoot = "";
			targets = (
				0470AE5824B5811B00D90937 /* RickMortyNetworking */,
			);
		};
/* End PBXProject section */

/* Begin PBXResourcesBuildPhase section */
		0470AE5724B5811B00D90937 /* Resources */ = {
			isa = PBXResourcesBuildPhase;
			buildActionMask = 2147483647;
			files = (
				0470AE6924B5811E00D90937 /* LaunchScreen.storyboard in Resources */,
				0470AE6624B5811E00D90937 /* Assets.xcassets in Resources */,
				0470AE6424B5811B00D90937 /* Main.storyboard in Resources */,
			);
			runOnlyForDeploymentPostprocessing = 0;
		};
/* End PBXResourcesBuildPhase section */

/* Begin PBXSourcesBuildPhase section */
		0470AE5524B5811B00D90937 /* Sources */ = {
			isa = PBXSourcesBuildPhase;
			buildActionMask = 2147483647;
			files = (
				0470AE5D24B5811B00D90937 /* AppDelegate.swift in Sources */,
				95DBA5B224B5895E004FD808 /* Character.swift in Sources */,
				04CE627024B8049500A9C1FE /* CharacterCell.swift in Sources */,
				95DBA5AF24B583BB004FD808 /* RickAndMortyController.swift in Sources */,
				0470AE5F24B5811B00D90937 /* SceneDelegate.swift in Sources */,
				04CE626C24B6DA0900A9C1FE /* CharacterCollectionViewController.swift in Sources */,
				95DBA5B524B59E81004FD808 /* Constants.swift in Sources */,
				04CE626E24B78F6000A9C1FE /* FilterTableViewController.swift in Sources */,
			);
			runOnlyForDeploymentPostprocessing = 0;
		};
/* End PBXSourcesBuildPhase section */

/* Begin PBXVariantGroup section */
		0470AE6224B5811B00D90937 /* Main.storyboard */ = {
			isa = PBXVariantGroup;
			children = (
				0470AE6324B5811B00D90937 /* Base */,
			);
			name = Main.storyboard;
			sourceTree = "<group>";
		};
		0470AE6724B5811E00D90937 /* LaunchScreen.storyboard */ = {
			isa = PBXVariantGroup;
			children = (
				0470AE6824B5811E00D90937 /* Base */,
			);
			name = LaunchScreen.storyboard;
			sourceTree = "<group>";
		};
/* End PBXVariantGroup section */

/* Begin XCBuildConfiguration section */
		0470AE6B24B5811E00D90937 /* Debug */ = {
			isa = XCBuildConfiguration;
			buildSettings = {
				ALWAYS_SEARCH_USER_PATHS = NO;
				CLANG_ANALYZER_NONNULL = YES;
				CLANG_ANALYZER_NUMBER_OBJECT_CONVERSION = YES_AGGRESSIVE;
				CLANG_CXX_LANGUAGE_STANDARD = "gnu++14";
				CLANG_CXX_LIBRARY = "libc++";
				CLANG_ENABLE_MODULES = YES;
				CLANG_ENABLE_OBJC_ARC = YES;
				CLANG_ENABLE_OBJC_WEAK = YES;
				CLANG_WARN_BLOCK_CAPTURE_AUTORELEASING = YES;
				CLANG_WARN_BOOL_CONVERSION = YES;
				CLANG_WARN_COMMA = YES;
				CLANG_WARN_CONSTANT_CONVERSION = YES;
				CLANG_WARN_DEPRECATED_OBJC_IMPLEMENTATIONS = YES;
				CLANG_WARN_DIRECT_OBJC_ISA_USAGE = YES_ERROR;
				CLANG_WARN_DOCUMENTATION_COMMENTS = YES;
				CLANG_WARN_EMPTY_BODY = YES;
				CLANG_WARN_ENUM_CONVERSION = YES;
				CLANG_WARN_INFINITE_RECURSION = YES;
				CLANG_WARN_INT_CONVERSION = YES;
				CLANG_WARN_NON_LITERAL_NULL_CONVERSION = YES;
				CLANG_WARN_OBJC_IMPLICIT_RETAIN_SELF = YES;
				CLANG_WARN_OBJC_LITERAL_CONVERSION = YES;
				CLANG_WARN_OBJC_ROOT_CLASS = YES_ERROR;
				CLANG_WARN_RANGE_LOOP_ANALYSIS = YES;
				CLANG_WARN_STRICT_PROTOTYPES = YES;
				CLANG_WARN_SUSPICIOUS_MOVE = YES;
				CLANG_WARN_UNGUARDED_AVAILABILITY = YES_AGGRESSIVE;
				CLANG_WARN_UNREACHABLE_CODE = YES;
				CLANG_WARN__DUPLICATE_METHOD_MATCH = YES;
				COPY_PHASE_STRIP = NO;
				DEBUG_INFORMATION_FORMAT = dwarf;
				ENABLE_STRICT_OBJC_MSGSEND = YES;
				ENABLE_TESTABILITY = YES;
				GCC_C_LANGUAGE_STANDARD = gnu11;
				GCC_DYNAMIC_NO_PIC = NO;
				GCC_NO_COMMON_BLOCKS = YES;
				GCC_OPTIMIZATION_LEVEL = 0;
				GCC_PREPROCESSOR_DEFINITIONS = (
					"DEBUG=1",
					"$(inherited)",
				);
				GCC_WARN_64_TO_32_BIT_CONVERSION = YES;
				GCC_WARN_ABOUT_RETURN_TYPE = YES_ERROR;
				GCC_WARN_UNDECLARED_SELECTOR = YES;
				GCC_WARN_UNINITIALIZED_AUTOS = YES_AGGRESSIVE;
				GCC_WARN_UNUSED_FUNCTION = YES;
				GCC_WARN_UNUSED_VARIABLE = YES;
				IPHONEOS_DEPLOYMENT_TARGET = 13.4;
				MTL_ENABLE_DEBUG_INFO = INCLUDE_SOURCE;
				MTL_FAST_MATH = YES;
				ONLY_ACTIVE_ARCH = YES;
				SDKROOT = iphoneos;
				SWIFT_ACTIVE_COMPILATION_CONDITIONS = DEBUG;
				SWIFT_OPTIMIZATION_LEVEL = "-Onone";
			};
			name = Debug;
		};
		0470AE6C24B5811E00D90937 /* Release */ = {
			isa = XCBuildConfiguration;
			buildSettings = {
				ALWAYS_SEARCH_USER_PATHS = NO;
				CLANG_ANALYZER_NONNULL = YES;
				CLANG_ANALYZER_NUMBER_OBJECT_CONVERSION = YES_AGGRESSIVE;
				CLANG_CXX_LANGUAGE_STANDARD = "gnu++14";
				CLANG_CXX_LIBRARY = "libc++";
				CLANG_ENABLE_MODULES = YES;
				CLANG_ENABLE_OBJC_ARC = YES;
				CLANG_ENABLE_OBJC_WEAK = YES;
				CLANG_WARN_BLOCK_CAPTURE_AUTORELEASING = YES;
				CLANG_WARN_BOOL_CONVERSION = YES;
				CLANG_WARN_COMMA = YES;
				CLANG_WARN_CONSTANT_CONVERSION = YES;
				CLANG_WARN_DEPRECATED_OBJC_IMPLEMENTATIONS = YES;
				CLANG_WARN_DIRECT_OBJC_ISA_USAGE = YES_ERROR;
				CLANG_WARN_DOCUMENTATION_COMMENTS = YES;
				CLANG_WARN_EMPTY_BODY = YES;
				CLANG_WARN_ENUM_CONVERSION = YES;
				CLANG_WARN_INFINITE_RECURSION = YES;
				CLANG_WARN_INT_CONVERSION = YES;
				CLANG_WARN_NON_LITERAL_NULL_CONVERSION = YES;
				CLANG_WARN_OBJC_IMPLICIT_RETAIN_SELF = YES;
				CLANG_WARN_OBJC_LITERAL_CONVERSION = YES;
				CLANG_WARN_OBJC_ROOT_CLASS = YES_ERROR;
				CLANG_WARN_RANGE_LOOP_ANALYSIS = YES;
				CLANG_WARN_STRICT_PROTOTYPES = YES;
				CLANG_WARN_SUSPICIOUS_MOVE = YES;
				CLANG_WARN_UNGUARDED_AVAILABILITY = YES_AGGRESSIVE;
				CLANG_WARN_UNREACHABLE_CODE = YES;
				CLANG_WARN__DUPLICATE_METHOD_MATCH = YES;
				COPY_PHASE_STRIP = NO;
				DEBUG_INFORMATION_FORMAT = "dwarf-with-dsym";
				ENABLE_NS_ASSERTIONS = NO;
				ENABLE_STRICT_OBJC_MSGSEND = YES;
				GCC_C_LANGUAGE_STANDARD = gnu11;
				GCC_NO_COMMON_BLOCKS = YES;
				GCC_WARN_64_TO_32_BIT_CONVERSION = YES;
				GCC_WARN_ABOUT_RETURN_TYPE = YES_ERROR;
				GCC_WARN_UNDECLARED_SELECTOR = YES;
				GCC_WARN_UNINITIALIZED_AUTOS = YES_AGGRESSIVE;
				GCC_WARN_UNUSED_FUNCTION = YES;
				GCC_WARN_UNUSED_VARIABLE = YES;
				IPHONEOS_DEPLOYMENT_TARGET = 13.4;
				MTL_ENABLE_DEBUG_INFO = NO;
				MTL_FAST_MATH = YES;
				SDKROOT = iphoneos;
				SWIFT_COMPILATION_MODE = wholemodule;
				SWIFT_OPTIMIZATION_LEVEL = "-O";
				VALIDATE_PRODUCT = YES;
			};
			name = Release;
		};
		0470AE6E24B5811E00D90937 /* Debug */ = {
			isa = XCBuildConfiguration;
			buildSettings = {
				ASSETCATALOG_COMPILER_APPICON_NAME = AppIcon;
				CODE_SIGN_STYLE = Automatic;
				DEVELOPMENT_TEAM = 94ZMA2MYR4;
				INFOPLIST_FILE = RickMortyNetworking/Resources/Info.plist;
				LD_RUNPATH_SEARCH_PATHS = (
					"$(inherited)",
					"@executable_path/Frameworks",
				);
				PRODUCT_BUNDLE_IDENTIFIER = com.swiftstudent.RickMortyNetworking;
				PRODUCT_NAME = "$(TARGET_NAME)";
				SWIFT_VERSION = 5.0;
				TARGETED_DEVICE_FAMILY = "1,2";
			};
			name = Debug;
		};
		0470AE6F24B5811E00D90937 /* Release */ = {
			isa = XCBuildConfiguration;
			buildSettings = {
				ASSETCATALOG_COMPILER_APPICON_NAME = AppIcon;
				CODE_SIGN_STYLE = Automatic;
				DEVELOPMENT_TEAM = 94ZMA2MYR4;
				INFOPLIST_FILE = RickMortyNetworking/Resources/Info.plist;
				LD_RUNPATH_SEARCH_PATHS = (
					"$(inherited)",
					"@executable_path/Frameworks",
				);
				PRODUCT_BUNDLE_IDENTIFIER = com.swiftstudent.RickMortyNetworking;
				PRODUCT_NAME = "$(TARGET_NAME)";
				SWIFT_VERSION = 5.0;
				TARGETED_DEVICE_FAMILY = "1,2";
			};
			name = Release;
		};
/* End XCBuildConfiguration section */

/* Begin XCConfigurationList section */
		0470AE5424B5811B00D90937 /* Build configuration list for PBXProject "RickMortyNetworking" */ = {
			isa = XCConfigurationList;
			buildConfigurations = (
				0470AE6B24B5811E00D90937 /* Debug */,
				0470AE6C24B5811E00D90937 /* Release */,
			);
			defaultConfigurationIsVisible = 0;
			defaultConfigurationName = Release;
		};
		0470AE6D24B5811E00D90937 /* Build configuration list for PBXNativeTarget "RickMortyNetworking" */ = {
			isa = XCConfigurationList;
			buildConfigurations = (
				0470AE6E24B5811E00D90937 /* Debug */,
				0470AE6F24B5811E00D90937 /* Release */,
			);
			defaultConfigurationIsVisible = 0;
			defaultConfigurationName = Release;
		};
/* End XCConfigurationList section */
	};
	rootObject = 0470AE5124B5811B00D90937 /* Project object */;
}
